// !$*UTF8*$!
{
	archiveVersion = 1;
	classes = {
	};
	objectVersion = 55;
	objects = {

/* Begin PBXBuildFile section */
		AD6F4F642751456A00AF104E /* AppDelegate.swift in Sources */ = {isa = PBXBuildFile; fileRef = AD6F4F632751456A00AF104E /* AppDelegate.swift */; };
		AD6F4F662751456A00AF104E /* SceneDelegate.swift in Sources */ = {isa = PBXBuildFile; fileRef = AD6F4F652751456A00AF104E /* SceneDelegate.swift */; };
		AD6F4F682751456A00AF104E /* ViewController.swift in Sources */ = {isa = PBXBuildFile; fileRef = AD6F4F672751456A00AF104E /* ViewController.swift */; };
		AD6F4F6B2751456A00AF104E /* Main.storyboard in Resources */ = {isa = PBXBuildFile; fileRef = AD6F4F692751456A00AF104E /* Main.storyboard */; };
		AD6F4F6E2751456A00AF104E /* CoreDataWithUserDefaults_Practice.xcdatamodeld in Sources */ = {isa = PBXBuildFile; fileRef = AD6F4F6C2751456A00AF104E /* CoreDataWithUserDefaults_Practice.xcdatamodeld */; };
		AD6F4F702751456D00AF104E /* Assets.xcassets in Resources */ = {isa = PBXBuildFile; fileRef = AD6F4F6F2751456D00AF104E /* Assets.xcassets */; };
		AD6F4F732751456D00AF104E /* LaunchScreen.storyboard in Resources */ = {isa = PBXBuildFile; fileRef = AD6F4F712751456D00AF104E /* LaunchScreen.storyboard */; };
/* End PBXBuildFile section */

/* Begin PBXFileReference section */
		AD6F4F602751456A00AF104E /* CoreDataWithUserDefaults_Practice.app */ = {isa = PBXFileReference; explicitFileType = wrapper.application; includeInIndex = 0; path = CoreDataWithUserDefaults_Practice.app; sourceTree = BUILT_PRODUCTS_DIR; };
		AD6F4F632751456A00AF104E /* AppDelegate.swift */ = {isa = PBXFileReference; lastKnownFileType = sourcecode.swift; path = AppDelegate.swift; sourceTree = "<group>"; };
		AD6F4F652751456A00AF104E /* SceneDelegate.swift */ = {isa = PBXFileReference; lastKnownFileType = sourcecode.swift; path = SceneDelegate.swift; sourceTree = "<group>"; };
		AD6F4F672751456A00AF104E /* ViewController.swift */ = {isa = PBXFileReference; lastKnownFileType = sourcecode.swift; path = ViewController.swift; sourceTree = "<group>"; };
		AD6F4F6A2751456A00AF104E /* Base */ = {isa = PBXFileReference; lastKnownFileType = file.storyboard; name = Base; path = Base.lproj/Main.storyboard; sourceTree = "<group>"; };
		AD6F4F6D2751456A00AF104E /* CoreDataWithUserDefaults_Practice.xcdatamodel */ = {isa = PBXFileReference; lastKnownFileType = wrapper.xcdatamodel; path = CoreDataWithUserDefaults_Practice.xcdatamodel; sourceTree = "<group>"; };
		AD6F4F6F2751456D00AF104E /* Assets.xcassets */ = {isa = PBXFileReference; lastKnownFileType = folder.assetcatalog; path = Assets.xcassets; sourceTree = "<group>"; };
		AD6F4F722751456D00AF104E /* Base */ = {isa = PBXFileReference; lastKnownFileType = file.storyboard; name = Base; path = Base.lproj/LaunchScreen.storyboard; sourceTree = "<group>"; };
		AD6F4F742751456D00AF104E /* Info.plist */ = {isa = PBXFileReference; lastKnownFileType = text.plist.xml; path = Info.plist; sourceTree = "<group>"; };
/* End PBXFileReference section */

/* Begin PBXFrameworksBuildPhase section */
		AD6F4F5D2751456A00AF104E /* Frameworks */ = {
			isa = PBXFrameworksBuildPhase;
			buildActionMask = 2147483647;
			files = (
			);
			runOnlyForDeploymentPostprocessing = 0;
		};
/* End PBXFrameworksBuildPhase section */

/* Begin PBXGroup section */
		AD6F4F572751456A00AF104E = {
			isa = PBXGroup;
			children = (
				AD6F4F622751456A00AF104E /* CoreDataWithUserDefaults_Practice */,
				AD6F4F612751456A00AF104E /* Products */,
			);
			sourceTree = "<group>";
		};
		AD6F4F612751456A00AF104E /* Products */ = {
			isa = PBXGroup;
			children = (
				AD6F4F602751456A00AF104E /* CoreDataWithUserDefaults_Practice.app */,
			);
			name = Products;
			sourceTree = "<group>";
		};
		AD6F4F622751456A00AF104E /* CoreDataWithUserDefaults_Practice */ = {
			isa = PBXGroup;
			children = (
				AD6F4F632751456A00AF104E /* AppDelegate.swift */,
				AD6F4F652751456A00AF104E /* SceneDelegate.swift */,
				AD6F4F672751456A00AF104E /* ViewController.swift */,
				AD6F4F692751456A00AF104E /* Main.storyboard */,
				AD6F4F6F2751456D00AF104E /* Assets.xcassets */,
				AD6F4F712751456D00AF104E /* LaunchScreen.storyboard */,
				AD6F4F742751456D00AF104E /* Info.plist */,
				AD6F4F6C2751456A00AF104E /* CoreDataWithUserDefaults_Practice.xcdatamodeld */,
			);
			path = CoreDataWithUserDefaults_Practice;
			sourceTree = "<group>";
		};
/* End PBXGroup section */

/* Begin PBXNativeTarget section */
		AD6F4F5F2751456A00AF104E /* CoreDataWithUserDefaults_Practice */ = {
			isa = PBXNativeTarget;
			buildConfigurationList = AD6F4F772751456D00AF104E /* Build configuration list for PBXNativeTarget "CoreDataWithUserDefaults_Practice" */;
			buildPhases = (
				AD6F4F5C2751456A00AF104E /* Sources */,
				AD6F4F5D2751456A00AF104E /* Frameworks */,
				AD6F4F5E2751456A00AF104E /* Resources */,
			);
			buildRules = (
			);
			dependencies = (
			);
			name = CoreDataWithUserDefaults_Practice;
			productName = CoreDataWithUserDefaults_Practice;
			productReference = AD6F4F602751456A00AF104E /* CoreDataWithUserDefaults_Practice.app */;
			productType = "com.apple.product-type.application";
		};
/* End PBXNativeTarget section */

/* Begin PBXProject section */
		AD6F4F582751456A00AF104E /* Project object */ = {
			isa = PBXProject;
			attributes = {
				BuildIndependentTargetsInParallel = 1;
				LastSwiftUpdateCheck = 1310;
				LastUpgradeCheck = 1310;
				TargetAttributes = {
					AD6F4F5F2751456A00AF104E = {
						CreatedOnToolsVersion = 13.1;
					};
				};
			};
			buildConfigurationList = AD6F4F5B2751456A00AF104E /* Build configuration list for PBXProject "CoreDataWithUserDefaults_Practice" */;
			compatibilityVersion = "Xcode 13.0";
			developmentRegion = en;
			hasScannedForEncodings = 0;
			knownRegions = (
				en,
				Base,
			);
			mainGroup = AD6F4F572751456A00AF104E;
			productRefGroup = AD6F4F612751456A00AF104E /* Products */;
			projectDirPath = "";
			projectRoot = "";
			targets = (
				AD6F4F5F2751456A00AF104E /* CoreDataWithUserDefaults_Practice */,
			);
		};
/* End PBXProject section */

/* Begin PBXResourcesBuildPhase section */
		AD6F4F5E2751456A00AF104E /* Resources */ = {
			isa = PBXResourcesBuildPhase;
			buildActionMask = 2147483647;
			files = (
				AD6F4F732751456D00AF104E /* LaunchScreen.storyboard in Resources */,
				AD6F4F702751456D00AF104E /* Assets.xcassets in Resources */,
				AD6F4F6B2751456A00AF104E /* Main.storyboard in Resources */,
			);
			runOnlyForDeploymentPostprocessing = 0;
		};
/* End PBXResourcesBuildPhase section */

/* Begin PBXSourcesBuildPhase section */
		AD6F4F5C2751456A00AF104E /* Sources */ = {
			isa = PBXSourcesBuildPhase;
			buildActionMask = 2147483647;
			files = (
				AD6F4F682751456A00AF104E /* ViewController.swift in Sources */,
				AD6F4F642751456A00AF104E /* AppDelegate.swift in Sources */,
				AD6F4F6E2751456A00AF104E /* CoreDataWithUserDefaults_Practice.xcdatamodeld in Sources */,
				AD6F4F662751456A00AF104E /* SceneDelegate.swift in Sources */,
			);
			runOnlyForDeploymentPostprocessing = 0;
		};
/* End PBXSourcesBuildPhase section */

/* Begin PBXVariantGroup section */
		AD6F4F692751456A00AF104E /* Main.storyboard */ = {
			isa = PBXVariantGroup;
			children = (
				AD6F4F6A2751456A00AF104E /* Base */,
			);
			name = Main.storyboard;
			sourceTree = "<group>";
		};
		AD6F4F712751456D00AF104E /* LaunchScreen.storyboard */ = {
			isa = PBXVariantGroup;
			children = (
				AD6F4F722751456D00AF104E /* Base */,
			);
			name = LaunchScreen.storyboard;
			sourceTree = "<group>";
		};
/* End PBXVariantGroup section */

/* Begin XCBuildConfiguration section */
		AD6F4F752751456D00AF104E /* Debug */ = {
			isa = XCBuildConfiguration;
			buildSettings = {
				ALWAYS_SEARCH_USER_PATHS = NO;
				CLANG_ANALYZER_NONNULL = YES;
				CLANG_ANALYZER_NUMBER_OBJECT_CONVERSION = YES_AGGRESSIVE;
				CLANG_CXX_LANGUAGE_STANDARD = "gnu++17";
				CLANG_CXX_LIBRARY = "libc++";
				CLANG_ENABLE_MODULES = YES;
				CLANG_ENABLE_OBJC_ARC = YES;
				CLANG_ENABLE_OBJC_WEAK = YES;
				CLANG_WARN_BLOCK_CAPTURE_AUTORELEASING = YES;
				CLANG_WARN_BOOL_CONVERSION = YES;
				CLANG_WARN_COMMA = YES;
				CLANG_WARN_CONSTANT_CONVERSION = YES;
				CLANG_WARN_DEPRECATED_OBJC_IMPLEMENTATIONS = YES;
				CLANG_WARN_DIRECT_OBJC_ISA_USAGE = YES_ERROR;
				CLANG_WARN_DOCUMENTATION_COMMENTS = YES;
				CLANG_WARN_EMPTY_BODY = YES;
				CLANG_WARN_ENUM_CONVERSION = YES;
				CLANG_WARN_INFINITE_RECURSION = YES;
				CLANG_WARN_INT_CONVERSION = YES;
				CLANG_WARN_NON_LITERAL_NULL_CONVERSION = YES;
				CLANG_WARN_OBJC_IMPLICIT_RETAIN_SELF = YES;
				CLANG_WARN_OBJC_LITERAL_CONVERSION = YES;
				CLANG_WARN_OBJC_ROOT_CLASS = YES_ERROR;
				CLANG_WARN_QUOTED_INCLUDE_IN_FRAMEWORK_HEADER = YES;
				CLANG_WARN_RANGE_LOOP_ANALYSIS = YES;
				CLANG_WARN_STRICT_PROTOTYPES = YES;
				CLANG_WARN_SUSPICIOUS_MOVE = YES;
				CLANG_WARN_UNGUARDED_AVAILABILITY = YES_AGGRESSIVE;
				CLANG_WARN_UNREACHABLE_CODE = YES;
				CLANG_WARN__DUPLICATE_METHOD_MATCH = YES;
				COPY_PHASE_STRIP = NO;
				DEBUG_INFORMATION_FORMAT = dwarf;
				ENABLE_STRICT_OBJC_MSGSEND = YES;
				ENABLE_TESTABILITY = YES;
				GCC_C_LANGUAGE_STANDARD = gnu11;
				GCC_DYNAMIC_NO_PIC = NO;
				GCC_NO_COMMON_BLOCKS = YES;
				GCC_OPTIMIZATION_LEVEL = 0;
				GCC_PREPROCESSOR_DEFINITIONS = (
					"DEBUG=1",
					"$(inherited)",
				);
				GCC_WARN_64_TO_32_BIT_CONVERSION = YES;
				GCC_WARN_ABOUT_RETURN_TYPE = YES_ERROR;
				GCC_WARN_UNDECLARED_SELECTOR = YES;
				GCC_WARN_UNINITIALIZED_AUTOS = YES_AGGRESSIVE;
				GCC_WARN_UNUSED_FUNCTION = YES;
				GCC_WARN_UNUSED_VARIABLE = YES;
				IPHONEOS_DEPLOYMENT_TARGET = 15.0;
				MTL_ENABLE_DEBUG_INFO = INCLUDE_SOURCE;
				MTL_FAST_MATH = YES;
				ONLY_ACTIVE_ARCH = YES;
				SDKROOT = iphoneos;
				SWIFT_ACTIVE_COMPILATION_CONDITIONS = DEBUG;
				SWIFT_OPTIMIZATION_LEVEL = "-Onone";
			};
			name = Debug;
		};
		AD6F4F762751456D00AF104E /* Release */ = {
			isa = XCBuildConfiguration;
			buildSettings = {
				ALWAYS_SEARCH_USER_PATHS = NO;
				CLANG_ANALYZER_NONNULL = YES;
				CLANG_ANALYZER_NUMBER_OBJECT_CONVERSION = YES_AGGRESSIVE;
				CLANG_CXX_LANGUAGE_STANDARD = "gnu++17";
				CLANG_CXX_LIBRARY = "libc++";
				CLANG_ENABLE_MODULES = YES;
				CLANG_ENABLE_OBJC_ARC = YES;
				CLANG_ENABLE_OBJC_WEAK = YES;
				CLANG_WARN_BLOCK_CAPTURE_AUTORELEASING = YES;
				CLANG_WARN_BOOL_CONVERSION = YES;
				CLANG_WARN_COMMA = YES;
				CLANG_WARN_CONSTANT_CONVERSION = YES;
				CLANG_WARN_DEPRECATED_OBJC_IMPLEMENTATIONS = YES;
				CLANG_WARN_DIRECT_OBJC_ISA_USAGE = YES_ERROR;
				CLANG_WARN_DOCUMENTATION_COMMENTS = YES;
				CLANG_WARN_EMPTY_BODY = YES;
				CLANG_WARN_ENUM_CONVERSION = YES;
				CLANG_WARN_INFINITE_RECURSION = YES;
				CLANG_WARN_INT_CONVERSION = YES;
				CLANG_WARN_NON_LITERAL_NULL_CONVERSION = YES;
				CLANG_WARN_OBJC_IMPLICIT_RETAIN_SELF = YES;
				CLANG_WARN_OBJC_LITERAL_CONVERSION = YES;
				CLANG_WARN_OBJC_ROOT_CLASS = YES_ERROR;
				CLANG_WARN_QUOTED_INCLUDE_IN_FRAMEWORK_HEADER = YES;
				CLANG_WARN_RANGE_LOOP_ANALYSIS = YES;
				CLANG_WARN_STRICT_PROTOTYPES = YES;
				CLANG_WARN_SUSPICIOUS_MOVE = YES;
				CLANG_WARN_UNGUARDED_AVAILABILITY = YES_AGGRESSIVE;
				CLANG_WARN_UNREACHABLE_CODE = YES;
				CLANG_WARN__DUPLICATE_METHOD_MATCH = YES;
				COPY_PHASE_STRIP = NO;
				DEBUG_INFORMATION_FORMAT = "dwarf-with-dsym";
				ENABLE_NS_ASSERTIONS = NO;
				ENABLE_STRICT_OBJC_MSGSEND = YES;
				GCC_C_LANGUAGE_STANDARD = gnu11;
				GCC_NO_COMMON_BLOCKS = YES;
				GCC_WARN_64_TO_32_BIT_CONVERSION = YES;
				GCC_WARN_ABOUT_RETURN_TYPE = YES_ERROR;
				GCC_WARN_UNDECLARED_SELECTOR = YES;
				GCC_WARN_UNINITIALIZED_AUTOS = YES_AGGRESSIVE;
				GCC_WARN_UNUSED_FUNCTION = YES;
				GCC_WARN_UNUSED_VARIABLE = YES;
				IPHONEOS_DEPLOYMENT_TARGET = 15.0;
				MTL_ENABLE_DEBUG_INFO = NO;
				MTL_FAST_MATH = YES;
				SDKROOT = iphoneos;
				SWIFT_COMPILATION_MODE = wholemodule;
				SWIFT_OPTIMIZATION_LEVEL = "-O";
				VALIDATE_PRODUCT = YES;
			};
			name = Release;
		};
		AD6F4F782751456D00AF104E /* Debug */ = {
			isa = XCBuildConfiguration;
			buildSettings = {
				ASSETCATALOG_COMPILER_APPICON_NAME = AppIcon;
				ASSETCATALOG_COMPILER_GLOBAL_ACCENT_COLOR_NAME = AccentColor;
				CODE_SIGN_STYLE = Automatic;
				CURRENT_PROJECT_VERSION = 1;
				GENERATE_INFOPLIST_FILE = YES;
				INFOPLIST_FILE = CoreDataWithUserDefaults_Practice/Info.plist;
				INFOPLIST_KEY_UIApplicationSupportsIndirectInputEvents = YES;
				INFOPLIST_KEY_UILaunchStoryboardName = LaunchScreen;
				INFOPLIST_KEY_UIMainStoryboardFile = Main;
				INFOPLIST_KEY_UISupportedInterfaceOrientations_iPad = "UIInterfaceOrientationPortrait UIInterfaceOrientationPortraitUpsideDown UIInterfaceOrientationLandscapeLeft UIInterfaceOrientationLandscapeRight";
				INFOPLIST_KEY_UISupportedInterfaceOrientations_iPhone = "UIInterfaceOrientationPortrait UIInterfaceOrientationLandscapeLeft UIInterfaceOrientationLandscapeRight";
				LD_RUNPATH_SEARCH_PATHS = (
					"$(inherited)",
					"@executable_path/Frameworks",
				);
				MARKETING_VERSION = 1.0;
				PRODUCT_BUNDLE_IDENTIFIER = "-.CoreDataWithUserDefaults-Practice";
				PRODUCT_NAME = "$(TARGET_NAME)";
				SWIFT_EMIT_LOC_STRINGS = YES;
				SWIFT_VERSION = 5.0;
				TARGETED_DEVICE_FAMILY = "1,2";
			};
			name = Debug;
		};
		AD6F4F792751456D00AF104E /* Release */ = {
			isa = XCBuildConfiguration;
			buildSettings = {
				ASSETCATALOG_COMPILER_APPICON_NAME = AppIcon;
				ASSETCATALOG_COMPILER_GLOBAL_ACCENT_COLOR_NAME = AccentColor;
				CODE_SIGN_STYLE = Automatic;
				CURRENT_PROJECT_VERSION = 1;
				GENERATE_INFOPLIST_FILE = YES;
				INFOPLIST_FILE = CoreDataWithUserDefaults_Practice/Info.plist;
				INFOPLIST_KEY_UIApplicationSupportsIndirectInputEvents = YES;
				INFOPLIST_KEY_UILaunchStoryboardName = LaunchScreen;
				INFOPLIST_KEY_UIMainStoryboardFile = Main;
				INFOPLIST_KEY_UISupportedInterfaceOrientations_iPad = "UIInterfaceOrientationPortrait UIInterfaceOrientationPortraitUpsideDown UIInterfaceOrientationLandscapeLeft UIInterfaceOrientationLandscapeRight";
				INFOPLIST_KEY_UISupportedInterfaceOrientations_iPhone = "UIInterfaceOrientationPortrait UIInterfaceOrientationLandscapeLeft UIInterfaceOrientationLandscapeRight";
				LD_RUNPATH_SEARCH_PATHS = (
					"$(inherited)",
					"@executable_path/Frameworks",
				);
				MARKETING_VERSION = 1.0;
				PRODUCT_BUNDLE_IDENTIFIER = "-.CoreDataWithUserDefaults-Practice";
				PRODUCT_NAME = "$(TARGET_NAME)";
				SWIFT_EMIT_LOC_STRINGS = YES;
				SWIFT_VERSION = 5.0;
				TARGETED_DEVICE_FAMILY = "1,2";
			};
			name = Release;
		};
/* End XCBuildConfiguration section */

/* Begin XCConfigurationList section */
		AD6F4F5B2751456A00AF104E /* Build configuration list for PBXProject "CoreDataWithUserDefaults_Practice" */ = {
			isa = XCConfigurationList;
			buildConfigurations = (
				AD6F4F752751456D00AF104E /* Debug */,
				AD6F4F762751456D00AF104E /* Release */,
			);
			defaultConfigurationIsVisible = 0;
			defaultConfigurationName = Release;
		};
		AD6F4F772751456D00AF104E /* Build configuration list for PBXNativeTarget "CoreDataWithUserDefaults_Practice" */ = {
			isa = XCConfigurationList;
			buildConfigurations = (
				AD6F4F782751456D00AF104E /* Debug */,
				AD6F4F792751456D00AF104E /* Release */,
			);
			defaultConfigurationIsVisible = 0;
			defaultConfigurationName = Release;
		};
/* End XCConfigurationList section */

/* Begin XCVersionGroup section */
		AD6F4F6C2751456A00AF104E /* CoreDataWithUserDefaults_Practice.xcdatamodeld */ = {
			isa = XCVersionGroup;
			children = (
				AD6F4F6D2751456A00AF104E /* CoreDataWithUserDefaults_Practice.xcdatamodel */,
			);
			currentVersion = AD6F4F6D2751456A00AF104E /* CoreDataWithUserDefaults_Practice.xcdatamodel */;
			path = CoreDataWithUserDefaults_Practice.xcdatamodeld;
			sourceTree = "<group>";
			versionGroupType = wrapper.xcdatamodel;
		};
/* End XCVersionGroup section */
	};
	rootObject = AD6F4F582751456A00AF104E /* Project object */;
}
